
Microsoft Visual Studio Solution File, Format Version 12.00
# Visual Studio 15
VisualStudioVersion = 15.0.26430.6
MinimumVisualStudioVersion = 10.0.40219.1
Project("{FAE04EC0-301F-11D3-BF4B-00C04F79EFBC}") = "SCH.Host", "source\SCH.Host\SCH.Host.csproj", "{BCFA1F3D-F2D7-437A-930C-FD1084370030}"
EndProject
Project("{2150E333-8FDC-42A3-9474-1A3956D46DE8}") = "source", "source", "{EF1C059B-7B97-4863-80A0-EFA4C1A9AA61}"
EndProject
Project("{2150E333-8FDC-42A3-9474-1A3956D46DE8}") = "tests", "tests", "{B1E4EDB0-3877-4EFD-9709-C4CE449C7232}"
EndProject
Global
	GlobalSection(SolutionConfigurationPlatforms) = preSolution
		Debug|Any CPU = Debug|Any CPU
		Release|Any CPU = Release|Any CPU
	EndGlobalSection
	GlobalSection(ProjectConfigurationPlatforms) = postSolution
		{BCFA1F3D-F2D7-437A-930C-FD1084370030}.Debug|Any CPU.ActiveCfg = Debug|Any CPU
		{BCFA1F3D-F2D7-437A-930C-FD1084370030}.Debug|Any CPU.Build.0 = Debug|Any CPU
		{BCFA1F3D-F2D7-437A-930C-FD1084370030}.Release|Any CPU.ActiveCfg = Release|Any CPU
		{BCFA1F3D-F2D7-437A-930C-FD1084370030}.Release|Any CPU.Build.0 = Release|Any CPU
	EndGlobalSection
	GlobalSection(SolutionProperties) = preSolution
		HideSolutionNode = FALSE
	EndGlobalSection
	GlobalSection(NestedProjects) = preSolution
		{BCFA1F3D-F2D7-437A-930C-FD1084370030} = {EF1C059B-7B97-4863-80A0-EFA4C1A9AA61}
	EndGlobalSection
EndGlobal
